
Microsoft Visual Studio Solution File, Format Version 11.00
# Visual Studio 2010
Project("{FAE04EC0-301F-11D3-BF4B-00C04F79EFBC}") = "HtmlAgilityPack", "HtmlAgilityPack\HtmlAgilityPack.csproj", "{193BB801-054F-4729-9D5D-FCE1E32594BF}"
EndProject
Project("{FAE04EC0-301F-11D3-BF4B-00C04F79EFBC}") = "PocketIDE.Web", "PocketIDE.Web\PocketIDE.Web.csproj", "{1B8BD32E-D067-4214-B404-BE8A5ED0706C}"
EndProject
Project("{CC5FD16D-436D-48AD-A40C-5A424C6E3E79}") = "PocketIDE.Cloud", "PocketIDE.Cloud\PocketIDE.Cloud.ccproj", "{8AFB3C7D-768C-47CF-8AF1-2320BED5C15B}"
EndProject
Project("{2150E333-8FDC-42A3-9474-1A3956D46DE8}") = "References", "References", "{FEFDC80F-E5B3-4200-A8B3-F7F52D5D07D2}"
	ProjectSection(SolutionItems) = preProject
		References\Microsoft.Net.Http.dll = References\Microsoft.Net.Http.dll
		References\Microsoft.Net.Http.pdb = References\Microsoft.Net.Http.pdb
		References\Microsoft.QueryComposition.dll = References\Microsoft.QueryComposition.dll
		References\Microsoft.ServiceModel.Http.dll = References\Microsoft.ServiceModel.Http.dll
		References\Microsoft.ServiceModel.Http.pdb = References\Microsoft.ServiceModel.Http.pdb
	EndProjectSection
EndProject
Project("{FAE04EC0-301F-11D3-BF4B-00C04F79EFBC}") = "PocketIDE.Web.Test", "PocketIDE.Web.Test\PocketIDE.Web.Test.csproj", "{BB94E17D-1E7D-459D-944E-DC10910FD94D}"
EndProject
Project("{FAE04EC0-301F-11D3-BF4B-00C04F79EFBC}") = "PocketIDE.Web.Sandbox", "PocketIDE.Web.Sandbox\PocketIDE.Web.Sandbox.csproj", "{5436C16D-F214-459A-AA02-CD5DAE873D6B}"
EndProject
Project("{FAE04EC0-301F-11D3-BF4B-00C04F79EFBC}") = "PocketIDE.Web.Sandbox.Test", "PocketIDE.Web.Sandbox.Test\PocketIDE.Web.Sandbox.Test.csproj", "{81483638-F50D-452C-98CB-3C019878BD21}"
EndProject
Project("{FAE04EC0-301F-11D3-BF4B-00C04F79EFBC}") = "HtmlAgilityPack.fx.4.0", "HtmlAgilityPack\HtmlAgilityPack.fx.4.0.csproj", "{1028002A-BBE2-4FF2-94B7-A8368A8F6887}"
EndProject
Global
	GlobalSection(SolutionConfigurationPlatforms) = preSolution
		Debug|Any CPU = Debug|Any CPU
		Release|Any CPU = Release|Any CPU
	EndGlobalSection
	GlobalSection(ProjectConfigurationPlatforms) = postSolution
		{193BB801-054F-4729-9D5D-FCE1E32594BF}.Debug|Any CPU.ActiveCfg = Debug|Any CPU
		{193BB801-054F-4729-9D5D-FCE1E32594BF}.Debug|Any CPU.Build.0 = Debug|Any CPU
		{193BB801-054F-4729-9D5D-FCE1E32594BF}.Release|Any CPU.ActiveCfg = Release|Any CPU
		{193BB801-054F-4729-9D5D-FCE1E32594BF}.Release|Any CPU.Build.0 = Release|Any CPU
		{1B8BD32E-D067-4214-B404-BE8A5ED0706C}.Debug|Any CPU.ActiveCfg = Debug|Any CPU
		{1B8BD32E-D067-4214-B404-BE8A5ED0706C}.Debug|Any CPU.Build.0 = Debug|Any CPU
		{1B8BD32E-D067-4214-B404-BE8A5ED0706C}.Release|Any CPU.ActiveCfg = Release|Any CPU
		{1B8BD32E-D067-4214-B404-BE8A5ED0706C}.Release|Any CPU.Build.0 = Release|Any CPU
		{8AFB3C7D-768C-47CF-8AF1-2320BED5C15B}.Debug|Any CPU.ActiveCfg = Debug|Any CPU
		{8AFB3C7D-768C-47CF-8AF1-2320BED5C15B}.Debug|Any CPU.Build.0 = Debug|Any CPU
		{8AFB3C7D-768C-47CF-8AF1-2320BED5C15B}.Release|Any CPU.ActiveCfg = Release|Any CPU
		{8AFB3C7D-768C-47CF-8AF1-2320BED5C15B}.Release|Any CPU.Build.0 = Release|Any CPU
		{BB94E17D-1E7D-459D-944E-DC10910FD94D}.Debug|Any CPU.ActiveCfg = Debug|Any CPU
		{BB94E17D-1E7D-459D-944E-DC10910FD94D}.Debug|Any CPU.Build.0 = Debug|Any CPU
		{BB94E17D-1E7D-459D-944E-DC10910FD94D}.Release|Any CPU.ActiveCfg = Release|Any CPU
		{BB94E17D-1E7D-459D-944E-DC10910FD94D}.Release|Any CPU.Build.0 = Release|Any CPU
		{5436C16D-F214-459A-AA02-CD5DAE873D6B}.Debug|Any CPU.ActiveCfg = Debug|Any CPU
		{5436C16D-F214-459A-AA02-CD5DAE873D6B}.Debug|Any CPU.Build.0 = Debug|Any CPU
		{5436C16D-F214-459A-AA02-CD5DAE873D6B}.Release|Any CPU.ActiveCfg = Release|Any CPU
		{5436C16D-F214-459A-AA02-CD5DAE873D6B}.Release|Any CPU.Build.0 = Release|Any CPU
		{81483638-F50D-452C-98CB-3C019878BD21}.Debug|Any CPU.ActiveCfg = Debug|Any CPU
		{81483638-F50D-452C-98CB-3C019878BD21}.Debug|Any CPU.Build.0 = Debug|Any CPU
		{81483638-F50D-452C-98CB-3C019878BD21}.Release|Any CPU.ActiveCfg = Release|Any CPU
		{81483638-F50D-452C-98CB-3C019878BD21}.Release|Any CPU.Build.0 = Release|Any CPU
		{1028002A-BBE2-4FF2-94B7-A8368A8F6887}.Debug|Any CPU.ActiveCfg = Debug|Any CPU
		{1028002A-BBE2-4FF2-94B7-A8368A8F6887}.Debug|Any CPU.Build.0 = Debug|Any CPU
		{1028002A-BBE2-4FF2-94B7-A8368A8F6887}.Release|Any CPU.ActiveCfg = Release|Any CPU
		{1028002A-BBE2-4FF2-94B7-A8368A8F6887}.Release|Any CPU.Build.0 = Release|Any CPU
	EndGlobalSection
	GlobalSection(SolutionProperties) = preSolution
		HideSolutionNode = FALSE
	EndGlobalSection
EndGlobal
