
Microsoft Visual Studio Solution File, Format Version 11.00
# Visual Studio 2010
Project("{FAE04EC0-301F-11D3-BF4B-00C04F79EFBC}") = "MsdnHtml", "MsdnHtml\MsdnHtml.csproj", "{5BC83387-FCF1-49B9-B34C-E7A6532504FD}"
EndProject
Project("{FAE04EC0-301F-11D3-BF4B-00C04F79EFBC}") = "HtmlAgilityPack.fx.4.0", "..\CodeRunner\HtmlAgilityPack\HtmlAgilityPack.fx.4.0.csproj", "{1028002A-BBE2-4FF2-94B7-A8368A8F6887}"
EndProject
Global
	GlobalSection(SolutionConfigurationPlatforms) = preSolution
		Debug|Any CPU = Debug|Any CPU
		Debug|Mixed Platforms = Debug|Mixed Platforms
		Debug|x86 = Debug|x86
		Release|Any CPU = Release|Any CPU
		Release|Mixed Platforms = Release|Mixed Platforms
		Release|x86 = Release|x86
	EndGlobalSection
	GlobalSection(ProjectConfigurationPlatforms) = postSolution
		{5BC83387-FCF1-49B9-B34C-E7A6532504FD}.Debug|Any CPU.ActiveCfg = Debug|x86
		{5BC83387-FCF1-49B9-B34C-E7A6532504FD}.Debug|Mixed Platforms.ActiveCfg = Debug|x86
		{5BC83387-FCF1-49B9-B34C-E7A6532504FD}.Debug|Mixed Platforms.Build.0 = Debug|x86
		{5BC83387-FCF1-49B9-B34C-E7A6532504FD}.Debug|x86.ActiveCfg = Debug|x86
		{5BC83387-FCF1-49B9-B34C-E7A6532504FD}.Debug|x86.Build.0 = Debug|x86
		{5BC83387-FCF1-49B9-B34C-E7A6532504FD}.Release|Any CPU.ActiveCfg = Release|x86
		{5BC83387-FCF1-49B9-B34C-E7A6532504FD}.Release|Mixed Platforms.ActiveCfg = Release|x86
		{5BC83387-FCF1-49B9-B34C-E7A6532504FD}.Release|Mixed Platforms.Build.0 = Release|x86
		{5BC83387-FCF1-49B9-B34C-E7A6532504FD}.Release|x86.ActiveCfg = Release|x86
		{5BC83387-FCF1-49B9-B34C-E7A6532504FD}.Release|x86.Build.0 = Release|x86
		{1028002A-BBE2-4FF2-94B7-A8368A8F6887}.Debug|Any CPU.ActiveCfg = Debug|Any CPU
		{1028002A-BBE2-4FF2-94B7-A8368A8F6887}.Debug|Any CPU.Build.0 = Debug|Any CPU
		{1028002A-BBE2-4FF2-94B7-A8368A8F6887}.Debug|Mixed Platforms.ActiveCfg = Debug|Any CPU
		{1028002A-BBE2-4FF2-94B7-A8368A8F6887}.Debug|Mixed Platforms.Build.0 = Debug|Any CPU
		{1028002A-BBE2-4FF2-94B7-A8368A8F6887}.Debug|x86.ActiveCfg = Debug|Any CPU
		{1028002A-BBE2-4FF2-94B7-A8368A8F6887}.Release|Any CPU.ActiveCfg = Release|Any CPU
		{1028002A-BBE2-4FF2-94B7-A8368A8F6887}.Release|Any CPU.Build.0 = Release|Any CPU
		{1028002A-BBE2-4FF2-94B7-A8368A8F6887}.Release|Mixed Platforms.ActiveCfg = Release|Any CPU
		{1028002A-BBE2-4FF2-94B7-A8368A8F6887}.Release|Mixed Platforms.Build.0 = Release|Any CPU
		{1028002A-BBE2-4FF2-94B7-A8368A8F6887}.Release|x86.ActiveCfg = Release|Any CPU
	EndGlobalSection
	GlobalSection(SolutionProperties) = preSolution
		HideSolutionNode = FALSE
	EndGlobalSection
EndGlobal
